Microsoft Visual Studio Solution File, Format Version 12.00
# Visual Studio Version 17
VisualStudioVersion = 17.1.32113.165
MinimumVisualStudioVersion = 15.0.26124.0
Project("{D954291E-2A0B-460D-934E-DC6B0785DB48}") = "UnoSample.Shared", "UnoSample.Shared\UnoSample.Shared.shproj", "{6279C845-92F8-4333-AB99-3D213163593C}"
EndProject
Project("{FAE04EC0-301F-11D3-BF4B-00C04F79EFBC}") = "UnoSample.Droid", "UnoSample.Droid\UnoSample.Droid.csproj", "{E8189006-9B5A-4D83-ADE2-7AFD1022516C}"
EndProject
Project("{FAE04EC0-301F-11D3-BF4B-00C04F79EFBC}") = "UnoSample.iOS", "UnoSample.iOS\UnoSample.iOS.csproj", "{07C28AD2-E0EA-4BC9-B4A9-CDAD56D55F87}"
EndProject
Project("{FAE04EC0-301F-11D3-BF4B-00C04F79EFBC}") = "UnoSample.Uwp", "UnoSample.UWP\UnoSample.Uwp.csproj", "{81DB81D0-87C6-4E22-80AF-B4B0716854C7}"
EndProject
Project("{9A19103F-16F7-4668-BE54-9A1E7A4F7556}") = "UnoSample.Wasm", "UnoSample.Wasm\UnoSample.Wasm.csproj", "{40EA03F7-8A22-4143-B251-79BAC3EB13D2}"
EndProject
Project("{FAE04EC0-301F-11D3-BF4B-00C04F79EFBC}") = "UnoSample.macOS", "UnoSample.macOS\UnoSample.macOS.csproj", "{10FDE9E2-C775-40B7-89AD-CE536A3E4FC4}"
EndProject
Project("{9A19103F-16F7-4668-BE54-9A1E7A4F7556}") = "UnoSample.Skia.Gtk", "UnoSample.Skia.Gtk\UnoSample.Skia.Gtk.csproj", "{A5B8155A-118F-4794-B551-C6F3CF7E5411}"
EndProject
Project("{9A19103F-16F7-4668-BE54-9A1E7A4F7556}") = "UnoSample.Skia.WPF", "UnoSample.Skia.WPF\UnoSample.Skia.WPF.csproj", "{B880015D-FC04-4914-9FF9-7BA89E8BE848}"
EndProject
Project("{9A19103F-16F7-4668-BE54-9A1E7A4F7556}") = "UnoSample.Skia.Wpf.Host", "UnoSample.Skia.WPF.Host\UnoSample.Skia.Wpf.Host.csproj", "{6CF284A4-22B1-4F05-97F4-F095C07A598E}"
EndProject
Project("{9A19103F-16F7-4668-BE54-9A1E7A4F7556}") = "UnoSample.Skia.Tizen", "UnoSample.Skia.Tizen\UnoSample.Skia.Tizen.csproj", "{9AED22A6-77DC-4799-BAE7-5F26F2070BD2}"
EndProject
Project("{9A19103F-16F7-4668-BE54-9A1E7A4F7556}") = "UnoSample.Skia.Linux.FrameBuffer", "UnoSample.Skia.Linux.FrameBuffer\UnoSample.Skia.Linux.FrameBuffer.csproj", "{761D821E-9905-4444-9ADF-76C995FE5427}"
EndProject
Global
	GlobalSection(SharedMSBuildProjectFiles) = preSolution
		UnoSample.Shared\UnoSample.Shared.projitems*{07c28ad2-e0ea-4bc9-b4a9-cdad56d55f87}*SharedItemsImports = 4
		UnoSample.Shared\UnoSample.Shared.projitems*{10fde9e2-c775-40b7-89ad-ce536a3e4fc4}*SharedItemsImports = 4
		UnoSample.Shared\UnoSample.Shared.projitems*{40ea03f7-8a22-4143-b251-79bac3eb13d2}*SharedItemsImports = 5
		UnoSample.Shared\UnoSample.Shared.projitems*{6279c845-92f8-4333-ab99-3d213163593c}*SharedItemsImports = 13
		UnoSample.Shared\UnoSample.Shared.projitems*{761d821e-9905-4444-9adf-76c995fe5427}*SharedItemsImports = 5
		UnoSample.Shared\UnoSample.Shared.projitems*{81db81d0-87c6-4e22-80af-b4b0716854c7}*SharedItemsImports = 4
		UnoSample.Shared\UnoSample.Shared.projitems*{9aed22a6-77dc-4799-bae7-5f26f2070bd2}*SharedItemsImports = 5
		UnoSample.Shared\UnoSample.Shared.projitems*{a5b8155a-118f-4794-b551-c6f3cf7e5411}*SharedItemsImports = 5
		UnoSample.Shared\UnoSample.Shared.projitems*{b880015d-fc04-4914-9ff9-7ba89e8be848}*SharedItemsImports = 5
		UnoSample.Shared\UnoSample.Shared.projitems*{e8189006-9b5a-4d83-ade2-7afd1022516c}*SharedItemsImports = 4
	EndGlobalSection
	GlobalSection(SolutionConfigurationPlatforms) = preSolution
		Debug|Any CPU = Debug|Any CPU
		Debug|ARM = Debug|ARM
		Debug|ARM64 = Debug|ARM64
		Debug|iPhone = Debug|iPhone
		Debug|iPhoneSimulator = Debug|iPhoneSimulator
		Debug|x64 = Debug|x64
		Debug|x86 = Debug|x86
		Release|Any CPU = Release|Any CPU
		Release|ARM = Release|ARM
		Release|ARM64 = Release|ARM64
		Release|iPhone = Release|iPhone
		Release|iPhoneSimulator = Release|iPhoneSimulator
		Release|x64 = Release|x64
		Release|x86 = Release|x86
	EndGlobalSection
	GlobalSection(ProjectConfigurationPlatforms) = postSolution
		{E8189006-9B5A-4D83-ADE2-7AFD1022516C}.Debug|Any CPU.ActiveCfg = Debug|Any CPU
		{E8189006-9B5A-4D83-ADE2-7AFD1022516C}.Debug|Any CPU.Build.0 = Debug|Any CPU
		{E8189006-9B5A-4D83-ADE2-7AFD1022516C}.Debug|Any CPU.Deploy.0 = Debug|Any CPU
		{E8189006-9B5A-4D83-ADE2-7AFD1022516C}.Debug|ARM.ActiveCfg = Debug|Any CPU
		{E8189006-9B5A-4D83-ADE2-7AFD1022516C}.Debug|ARM.Build.0 = Debug|Any CPU
		{E8189006-9B5A-4D83-ADE2-7AFD1022516C}.Debug|ARM.Deploy.0 = Debug|Any CPU
		{E8189006-9B5A-4D83-ADE2-7AFD1022516C}.Debug|ARM64.ActiveCfg = Debug|Any CPU
		{E8189006-9B5A-4D83-ADE2-7AFD1022516C}.Debug|ARM64.Build.0 = Debug|Any CPU
		{E8189006-9B5A-4D83-ADE2-7AFD1022516C}.Debug|ARM64.Deploy.0 = Debug|Any CPU
		{E8189006-9B5A-4D83-ADE2-7AFD1022516C}.Debug|iPhone.ActiveCfg = Debug|Any CPU
		{E8189006-9B5A-4D83-ADE2-7AFD1022516C}.Debug|iPhone.Build.0 = Debug|Any CPU
		{E8189006-9B5A-4D83-ADE2-7AFD1022516C}.Debug|iPhone.Deploy.0 = Debug|Any CPU
		{E8189006-9B5A-4D83-ADE2-7AFD1022516C}.Debug|iPhoneSimulator.ActiveCfg = Debug|Any CPU
		{E8189006-9B5A-4D83-ADE2-7AFD1022516C}.Debug|iPhoneSimulator.Build.0 = Debug|Any CPU
		{E8189006-9B5A-4D83-ADE2-7AFD1022516C}.Debug|iPhoneSimulator.Deploy.0 = Debug|Any CPU
		{E8189006-9B5A-4D83-ADE2-7AFD1022516C}.Debug|x64.ActiveCfg = Debug|Any CPU
		{E8189006-9B5A-4D83-ADE2-7AFD1022516C}.Debug|x64.Build.0 = Debug|Any CPU
		{E8189006-9B5A-4D83-ADE2-7AFD1022516C}.Debug|x64.Deploy.0 = Debug|Any CPU
		{E8189006-9B5A-4D83-ADE2-7AFD1022516C}.Debug|x86.ActiveCfg = Debug|Any CPU
		{E8189006-9B5A-4D83-ADE2-7AFD1022516C}.Debug|x86.Build.0 = Debug|Any CPU
		{E8189006-9B5A-4D83-ADE2-7AFD1022516C}.Debug|x86.Deploy.0 = Debug|Any CPU
		{E8189006-9B5A-4D83-ADE2-7AFD1022516C}.Release|Any CPU.ActiveCfg = Release|Any CPU
		{E8189006-9B5A-4D83-ADE2-7AFD1022516C}.Release|Any CPU.Build.0 = Release|Any CPU
		{E8189006-9B5A-4D83-ADE2-7AFD1022516C}.Release|Any CPU.Deploy.0 = Release|Any CPU
		{E8189006-9B5A-4D83-ADE2-7AFD1022516C}.Release|ARM.ActiveCfg = Release|Any CPU
		{E8189006-9B5A-4D83-ADE2-7AFD1022516C}.Release|ARM.Build.0 = Release|Any CPU
		{E8189006-9B5A-4D83-ADE2-7AFD1022516C}.Release|ARM.Deploy.0 = Release|Any CPU
		{E8189006-9B5A-4D83-ADE2-7AFD1022516C}.Release|ARM64.ActiveCfg = Release|Any CPU
		{E8189006-9B5A-4D83-ADE2-7AFD1022516C}.Release|ARM64.Build.0 = Release|Any CPU
		{E8189006-9B5A-4D83-ADE2-7AFD1022516C}.Release|ARM64.Deploy.0 = Release|Any CPU
		{E8189006-9B5A-4D83-ADE2-7AFD1022516C}.Release|iPhone.ActiveCfg = Release|Any CPU
		{E8189006-9B5A-4D83-ADE2-7AFD1022516C}.Release|iPhone.Build.0 = Release|Any CPU
		{E8189006-9B5A-4D83-ADE2-7AFD1022516C}.Release|iPhone.Deploy.0 = Release|Any CPU
		{E8189006-9B5A-4D83-ADE2-7AFD1022516C}.Release|iPhoneSimulator.ActiveCfg = Release|Any CPU
		{E8189006-9B5A-4D83-ADE2-7AFD1022516C}.Release|iPhoneSimulator.Build.0 = Release|Any CPU
		{E8189006-9B5A-4D83-ADE2-7AFD1022516C}.Release|iPhoneSimulator.Deploy.0 = Release|Any CPU
		{E8189006-9B5A-4D83-ADE2-7AFD1022516C}.Release|x64.ActiveCfg = Release|Any CPU
		{E8189006-9B5A-4D83-ADE2-7AFD1022516C}.Release|x64.Build.0 = Release|Any CPU
		{E8189006-9B5A-4D83-ADE2-7AFD1022516C}.Release|x64.Deploy.0 = Release|Any CPU
		{E8189006-9B5A-4D83-ADE2-7AFD1022516C}.Release|x86.ActiveCfg = Release|Any CPU
		{E8189006-9B5A-4D83-ADE2-7AFD1022516C}.Release|x86.Build.0 = Release|Any CPU
		{E8189006-9B5A-4D83-ADE2-7AFD1022516C}.Release|x86.Deploy.0 = Release|Any CPU
		{07C28AD2-E0EA-4BC9-B4A9-CDAD56D55F87}.Debug|Any CPU.ActiveCfg = Debug|iPhone
		{07C28AD2-E0EA-4BC9-B4A9-CDAD56D55F87}.Debug|Any CPU.Build.0 = Debug|iPhone
		{07C28AD2-E0EA-4BC9-B4A9-CDAD56D55F87}.Debug|Any CPU.Deploy.0 = Debug|iPhone
		{07C28AD2-E0EA-4BC9-B4A9-CDAD56D55F87}.Debug|ARM.ActiveCfg = Debug|iPhone
		{07C28AD2-E0EA-4BC9-B4A9-CDAD56D55F87}.Debug|ARM64.ActiveCfg = Debug|iPhone
		{07C28AD2-E0EA-4BC9-B4A9-CDAD56D55F87}.Debug|iPhone.ActiveCfg = Debug|iPhone
		{07C28AD2-E0EA-4BC9-B4A9-CDAD56D55F87}.Debug|iPhone.Build.0 = Debug|iPhone
		{07C28AD2-E0EA-4BC9-B4A9-CDAD56D55F87}.Debug|iPhoneSimulator.ActiveCfg = Debug|iPhoneSimulator
		{07C28AD2-E0EA-4BC9-B4A9-CDAD56D55F87}.Debug|iPhoneSimulator.Build.0 = Debug|iPhoneSimulator
		{07C28AD2-E0EA-4BC9-B4A9-CDAD56D55F87}.Debug|x64.ActiveCfg = Debug|iPhone
		{07C28AD2-E0EA-4BC9-B4A9-CDAD56D55F87}.Debug|x64.Build.0 = Debug|iPhone
		{07C28AD2-E0EA-4BC9-B4A9-CDAD56D55F87}.Debug|x64.Deploy.0 = Debug|iPhone
		{07C28AD2-E0EA-4BC9-B4A9-CDAD56D55F87}.Debug|x86.ActiveCfg = Debug|iPhoneSimulator
		{07C28AD2-E0EA-4BC9-B4A9-CDAD56D55F87}.Debug|x86.Build.0 = Debug|iPhoneSimulator
		{07C28AD2-E0EA-4BC9-B4A9-CDAD56D55F87}.Debug|x86.Deploy.0 = Debug|iPhoneSimulator
		{07C28AD2-E0EA-4BC9-B4A9-CDAD56D55F87}.Release|Any CPU.ActiveCfg = Release|iPhone
		{07C28AD2-E0EA-4BC9-B4A9-CDAD56D55F87}.Release|ARM.ActiveCfg = Release|iPhone
		{07C28AD2-E0EA-4BC9-B4A9-CDAD56D55F87}.Release|ARM64.ActiveCfg = Release|iPhone
		{07C28AD2-E0EA-4BC9-B4A9-CDAD56D55F87}.Release|iPhone.ActiveCfg = Release|iPhone
		{07C28AD2-E0EA-4BC9-B4A9-CDAD56D55F87}.Release|iPhone.Build.0 = Release|iPhone
		{07C28AD2-E0EA-4BC9-B4A9-CDAD56D55F87}.Release|iPhoneSimulator.ActiveCfg = Release|iPhoneSimulator
		{07C28AD2-E0EA-4BC9-B4A9-CDAD56D55F87}.Release|iPhoneSimulator.Build.0 = Release|iPhoneSimulator
		{07C28AD2-E0EA-4BC9-B4A9-CDAD56D55F87}.Release|x64.ActiveCfg = Release|iPhoneSimulator
		{07C28AD2-E0EA-4BC9-B4A9-CDAD56D55F87}.Release|x64.Build.0 = Release|iPhoneSimulator
		{07C28AD2-E0EA-4BC9-B4A9-CDAD56D55F87}.Release|x64.Deploy.0 = Release|iPhoneSimulator
		{07C28AD2-E0EA-4BC9-B4A9-CDAD56D55F87}.Release|x86.ActiveCfg = Release|iPhoneSimulator
		{07C28AD2-E0EA-4BC9-B4A9-CDAD56D55F87}.Release|x86.Build.0 = Release|iPhoneSimulator
		{81DB81D0-87C6-4E22-80AF-B4B0716854C7}.Debug|Any CPU.ActiveCfg = Debug|x86
		{81DB81D0-87C6-4E22-80AF-B4B0716854C7}.Debug|Any CPU.Build.0 = Debug|x86
		{81DB81D0-87C6-4E22-80AF-B4B0716854C7}.Debug|Any CPU.Deploy.0 = Debug|x86
		{81DB81D0-87C6-4E22-80AF-B4B0716854C7}.Debug|ARM.ActiveCfg = Debug|ARM
		{81DB81D0-87C6-4E22-80AF-B4B0716854C7}.Debug|ARM.Build.0 = Debug|ARM
		{81DB81D0-87C6-4E22-80AF-B4B0716854C7}.Debug|ARM.Deploy.0 = Debug|ARM
		{81DB81D0-87C6-4E22-80AF-B4B0716854C7}.Debug|ARM64.ActiveCfg = Debug|ARM64
		{81DB81D0-87C6-4E22-80AF-B4B0716854C7}.Debug|ARM64.Build.0 = Debug|ARM64
		{81DB81D0-87C6-4E22-80AF-B4B0716854C7}.Debug|ARM64.Deploy.0 = Debug|ARM64
		{81DB81D0-87C6-4E22-80AF-B4B0716854C7}.Debug|iPhone.ActiveCfg = Debug|x86
		{81DB81D0-87C6-4E22-80AF-B4B0716854C7}.Debug|iPhone.Build.0 = Debug|x86
		{81DB81D0-87C6-4E22-80AF-B4B0716854C7}.Debug|iPhone.Deploy.0 = Debug|x86
		{81DB81D0-87C6-4E22-80AF-B4B0716854C7}.Debug|iPhoneSimulator.ActiveCfg = Debug|x86
		{81DB81D0-87C6-4E22-80AF-B4B0716854C7}.Debug|iPhoneSimulator.Build.0 = Debug|x86
		{81DB81D0-87C6-4E22-80AF-B4B0716854C7}.Debug|iPhoneSimulator.Deploy.0 = Debug|x86
		{81DB81D0-87C6-4E22-80AF-B4B0716854C7}.Debug|x64.ActiveCfg = Debug|x64
		{81DB81D0-87C6-4E22-80AF-B4B0716854C7}.Debug|x64.Build.0 = Debug|x64
		{81DB81D0-87C6-4E22-80AF-B4B0716854C7}.Debug|x64.Deploy.0 = Debug|x64
		{81DB81D0-87C6-4E22-80AF-B4B0716854C7}.Debug|x86.ActiveCfg = Debug|x86
		{81DB81D0-87C6-4E22-80AF-B4B0716854C7}.Debug|x86.Build.0 = Debug|x86
		{81DB81D0-87C6-4E22-80AF-B4B0716854C7}.Debug|x86.Deploy.0 = Debug|x86
		{81DB81D0-87C6-4E22-80AF-B4B0716854C7}.Release|Any CPU.ActiveCfg = Release|x86
		{81DB81D0-87C6-4E22-80AF-B4B0716854C7}.Release|ARM.ActiveCfg = Release|ARM
		{81DB81D0-87C6-4E22-80AF-B4B0716854C7}.Release|ARM.Build.0 = Release|ARM
		{81DB81D0-87C6-4E22-80AF-B4B0716854C7}.Release|ARM.Deploy.0 = Release|ARM
		{81DB81D0-87C6-4E22-80AF-B4B0716854C7}.Release|ARM64.ActiveCfg = Release|ARM64
		{81DB81D0-87C6-4E22-80AF-B4B0716854C7}.Release|ARM64.Build.0 = Release|ARM64
		{81DB81D0-87C6-4E22-80AF-B4B0716854C7}.Release|ARM64.Deploy.0 = Release|ARM64
		{81DB81D0-87C6-4E22-80AF-B4B0716854C7}.Release|iPhone.ActiveCfg = Release|x86
		{81DB81D0-87C6-4E22-80AF-B4B0716854C7}.Release|iPhone.Build.0 = Release|x86
		{81DB81D0-87C6-4E22-80AF-B4B0716854C7}.Release|iPhoneSimulator.ActiveCfg = Release|x86
		{81DB81D0-87C6-4E22-80AF-B4B0716854C7}.Release|iPhoneSimulator.Build.0 = Release|x86
		{81DB81D0-87C6-4E22-80AF-B4B0716854C7}.Release|iPhoneSimulator.Deploy.0 = Release|x86
		{81DB81D0-87C6-4E22-80AF-B4B0716854C7}.Release|x64.ActiveCfg = Release|x64
		{81DB81D0-87C6-4E22-80AF-B4B0716854C7}.Release|x64.Build.0 = Release|x64
		{81DB81D0-87C6-4E22-80AF-B4B0716854C7}.Release|x64.Deploy.0 = Release|x64
		{81DB81D0-87C6-4E22-80AF-B4B0716854C7}.Release|x86.ActiveCfg = Release|x86
		{81DB81D0-87C6-4E22-80AF-B4B0716854C7}.Release|x86.Build.0 = Release|x86
		{81DB81D0-87C6-4E22-80AF-B4B0716854C7}.Release|x86.Deploy.0 = Release|x86
		{40EA03F7-8A22-4143-B251-79BAC3EB13D2}.Debug|Any CPU.ActiveCfg = Debug|Any CPU
		{40EA03F7-8A22-4143-B251-79BAC3EB13D2}.Debug|Any CPU.Build.0 = Debug|Any CPU
		{40EA03F7-8A22-4143-B251-79BAC3EB13D2}.Debug|ARM.ActiveCfg = Debug|Any CPU
		{40EA03F7-8A22-4143-B251-79BAC3EB13D2}.Debug|ARM.Build.0 = Debug|Any CPU
		{40EA03F7-8A22-4143-B251-79BAC3EB13D2}.Debug|ARM64.ActiveCfg = Debug|Any CPU
		{40EA03F7-8A22-4143-B251-79BAC3EB13D2}.Debug|ARM64.Build.0 = Debug|Any CPU
		{40EA03F7-8A22-4143-B251-79BAC3EB13D2}.Debug|iPhone.ActiveCfg = Debug|Any CPU
		{40EA03F7-8A22-4143-B251-79BAC3EB13D2}.Debug|iPhone.Build.0 = Debug|Any CPU
		{40EA03F7-8A22-4143-B251-79BAC3EB13D2}.Debug|iPhoneSimulator.ActiveCfg = Debug|Any CPU
		{40EA03F7-8A22-4143-B251-79BAC3EB13D2}.Debug|iPhoneSimulator.Build.0 = Debug|Any CPU
		{40EA03F7-8A22-4143-B251-79BAC3EB13D2}.Debug|x64.ActiveCfg = Debug|Any CPU
		{40EA03F7-8A22-4143-B251-79BAC3EB13D2}.Debug|x64.Build.0 = Debug|Any CPU
		{40EA03F7-8A22-4143-B251-79BAC3EB13D2}.Debug|x86.ActiveCfg = Debug|Any CPU
		{40EA03F7-8A22-4143-B251-79BAC3EB13D2}.Debug|x86.Build.0 = Debug|Any CPU
		{40EA03F7-8A22-4143-B251-79BAC3EB13D2}.Release|Any CPU.ActiveCfg = Release|Any CPU
		{40EA03F7-8A22-4143-B251-79BAC3EB13D2}.Release|Any CPU.Build.0 = Release|Any CPU
		{40EA03F7-8A22-4143-B251-79BAC3EB13D2}.Release|ARM.ActiveCfg = Release|Any CPU
		{40EA03F7-8A22-4143-B251-79BAC3EB13D2}.Release|ARM.Build.0 = Release|Any CPU
		{40EA03F7-8A22-4143-B251-79BAC3EB13D2}.Release|ARM64.ActiveCfg = Release|Any CPU
		{40EA03F7-8A22-4143-B251-79BAC3EB13D2}.Release|ARM64.Build.0 = Release|Any CPU
		{40EA03F7-8A22-4143-B251-79BAC3EB13D2}.Release|iPhone.ActiveCfg = Release|Any CPU
		{40EA03F7-8A22-4143-B251-79BAC3EB13D2}.Release|iPhone.Build.0 = Release|Any CPU
		{40EA03F7-8A22-4143-B251-79BAC3EB13D2}.Release|iPhoneSimulator.ActiveCfg = Release|Any CPU
		{40EA03F7-8A22-4143-B251-79BAC3EB13D2}.Release|iPhoneSimulator.Build.0 = Release|Any CPU
		{40EA03F7-8A22-4143-B251-79BAC3EB13D2}.Release|x64.ActiveCfg = Release|Any CPU
		{40EA03F7-8A22-4143-B251-79BAC3EB13D2}.Release|x64.Build.0 = Release|Any CPU
		{40EA03F7-8A22-4143-B251-79BAC3EB13D2}.Release|x86.ActiveCfg = Release|Any CPU
		{40EA03F7-8A22-4143-B251-79BAC3EB13D2}.Release|x86.Build.0 = Release|Any CPU
		{10FDE9E2-C775-40B7-89AD-CE536A3E4FC4}.Debug|Any CPU.ActiveCfg = Debug|iPhoneSimulator
		{10FDE9E2-C775-40B7-89AD-CE536A3E4FC4}.Debug|Any CPU.Build.0 = Debug|iPhoneSimulator
		{10FDE9E2-C775-40B7-89AD-CE536A3E4FC4}.Debug|ARM.ActiveCfg = Debug|iPhoneSimulator
		{10FDE9E2-C775-40B7-89AD-CE536A3E4FC4}.Debug|ARM64.ActiveCfg = Debug|iPhoneSimulator
		{10FDE9E2-C775-40B7-89AD-CE536A3E4FC4}.Debug|iPhone.ActiveCfg = Debug|iPhoneSimulator
		{10FDE9E2-C775-40B7-89AD-CE536A3E4FC4}.Debug|iPhone.Build.0 = Debug|iPhoneSimulator
		{10FDE9E2-C775-40B7-89AD-CE536A3E4FC4}.Debug|iPhoneSimulator.ActiveCfg = Debug|iPhoneSimulator
		{10FDE9E2-C775-40B7-89AD-CE536A3E4FC4}.Debug|iPhoneSimulator.Build.0 = Debug|iPhoneSimulator
		{10FDE9E2-C775-40B7-89AD-CE536A3E4FC4}.Debug|x64.ActiveCfg = Debug|iPhoneSimulator
		{10FDE9E2-C775-40B7-89AD-CE536A3E4FC4}.Debug|x64.Build.0 = Debug|iPhoneSimulator
		{10FDE9E2-C775-40B7-89AD-CE536A3E4FC4}.Debug|x86.ActiveCfg = Debug|iPhoneSimulator
		{10FDE9E2-C775-40B7-89AD-CE536A3E4FC4}.Debug|x86.Build.0 = Debug|iPhoneSimulator
		{10FDE9E2-C775-40B7-89AD-CE536A3E4FC4}.Release|Any CPU.ActiveCfg = Release|iPhoneSimulator
		{10FDE9E2-C775-40B7-89AD-CE536A3E4FC4}.Release|ARM.ActiveCfg = Release|iPhoneSimulator
		{10FDE9E2-C775-40B7-89AD-CE536A3E4FC4}.Release|ARM64.ActiveCfg = Release|iPhoneSimulator
		{10FDE9E2-C775-40B7-89AD-CE536A3E4FC4}.Release|iPhone.ActiveCfg = Release|iPhoneSimulator
		{10FDE9E2-C775-40B7-89AD-CE536A3E4FC4}.Release|iPhone.Build.0 = Release|iPhoneSimulator
		{10FDE9E2-C775-40B7-89AD-CE536A3E4FC4}.Release|iPhoneSimulator.ActiveCfg = Release|iPhoneSimulator
		{10FDE9E2-C775-40B7-89AD-CE536A3E4FC4}.Release|iPhoneSimulator.Build.0 = Release|iPhoneSimulator
		{10FDE9E2-C775-40B7-89AD-CE536A3E4FC4}.Release|x64.ActiveCfg = Release|iPhoneSimulator
		{10FDE9E2-C775-40B7-89AD-CE536A3E4FC4}.Release|x64.Build.0 = Release|iPhoneSimulator
		{10FDE9E2-C775-40B7-89AD-CE536A3E4FC4}.Release|x86.ActiveCfg = Release|iPhoneSimulator
		{10FDE9E2-C775-40B7-89AD-CE536A3E4FC4}.Release|x86.Build.0 = Release|iPhoneSimulator
		{A5B8155A-118F-4794-B551-C6F3CF7E5411}.Debug|Any CPU.ActiveCfg = Debug|Any CPU
		{A5B8155A-118F-4794-B551-C6F3CF7E5411}.Debug|Any CPU.Build.0 = Debug|Any CPU
		{A5B8155A-118F-4794-B551-C6F3CF7E5411}.Debug|ARM.ActiveCfg = Debug|Any CPU
		{A5B8155A-118F-4794-B551-C6F3CF7E5411}.Debug|ARM.Build.0 = Debug|Any CPU
		{A5B8155A-118F-4794-B551-C6F3CF7E5411}.Debug|ARM64.ActiveCfg = Debug|Any CPU
		{A5B8155A-118F-4794-B551-C6F3CF7E5411}.Debug|ARM64.Build.0 = Debug|Any CPU
		{A5B8155A-118F-4794-B551-C6F3CF7E5411}.Debug|iPhone.ActiveCfg = Debug|Any CPU
		{A5B8155A-118F-4794-B551-C6F3CF7E5411}.Debug|iPhone.Build.0 = Debug|Any CPU
		{A5B8155A-118F-4794-B551-C6F3CF7E5411}.Debug|iPhoneSimulator.ActiveCfg = Debug|Any CPU
		{A5B8155A-118F-4794-B551-C6F3CF7E5411}.Debug|iPhoneSimulator.Build.0 = Debug|Any CPU
		{A5B8155A-118F-4794-B551-C6F3CF7E5411}.Debug|x64.ActiveCfg = Debug|Any CPU
		{A5B8155A-118F-4794-B551-C6F3CF7E5411}.Debug|x64.Build.0 = Debug|Any CPU
		{A5B8155A-118F-4794-B551-C6F3CF7E5411}.Debug|x86.ActiveCfg = Debug|Any CPU
		{A5B8155A-118F-4794-B551-C6F3CF7E5411}.Debug|x86.Build.0 = Debug|Any CPU
		{A5B8155A-118F-4794-B551-C6F3CF7E5411}.Release|Any CPU.ActiveCfg = Release|Any CPU
		{A5B8155A-118F-4794-B551-C6F3CF7E5411}.Release|Any CPU.Build.0 = Release|Any CPU
		{A5B8155A-118F-4794-B551-C6F3CF7E5411}.Release|ARM.ActiveCfg = Release|Any CPU
		{A5B8155A-118F-4794-B551-C6F3CF7E5411}.Release|ARM.Build.0 = Release|Any CPU
		{A5B8155A-118F-4794-B551-C6F3CF7E5411}.Release|ARM64.ActiveCfg = Release|Any CPU
		{A5B8155A-118F-4794-B551-C6F3CF7E5411}.Release|ARM64.Build.0 = Release|Any CPU
		{A5B8155A-118F-4794-B551-C6F3CF7E5411}.Release|iPhone.ActiveCfg = Release|Any CPU
		{A5B8155A-118F-4794-B551-C6F3CF7E5411}.Release|iPhone.Build.0 = Release|Any CPU
		{A5B8155A-118F-4794-B551-C6F3CF7E5411}.Release|iPhoneSimulator.ActiveCfg = Release|Any CPU
		{A5B8155A-118F-4794-B551-C6F3CF7E5411}.Release|iPhoneSimulator.Build.0 = Release|Any CPU
		{A5B8155A-118F-4794-B551-C6F3CF7E5411}.Release|x64.ActiveCfg = Release|Any CPU
		{A5B8155A-118F-4794-B551-C6F3CF7E5411}.Release|x64.Build.0 = Release|Any CPU
		{A5B8155A-118F-4794-B551-C6F3CF7E5411}.Release|x86.ActiveCfg = Release|Any CPU
		{A5B8155A-118F-4794-B551-C6F3CF7E5411}.Release|x86.Build.0 = Release|Any CPU
		{B880015D-FC04-4914-9FF9-7BA89E8BE848}.Debug|Any CPU.ActiveCfg = Debug|Any CPU
		{B880015D-FC04-4914-9FF9-7BA89E8BE848}.Debug|Any CPU.Build.0 = Debug|Any CPU
		{B880015D-FC04-4914-9FF9-7BA89E8BE848}.Debug|Any CPU.Deploy.0 = Debug|Any CPU
		{B880015D-FC04-4914-9FF9-7BA89E8BE848}.Debug|ARM.ActiveCfg = Debug|Any CPU
		{B880015D-FC04-4914-9FF9-7BA89E8BE848}.Debug|ARM.Build.0 = Debug|Any CPU
		{B880015D-FC04-4914-9FF9-7BA89E8BE848}.Debug|ARM.Deploy.0 = Debug|Any CPU
		{B880015D-FC04-4914-9FF9-7BA89E8BE848}.Debug|ARM64.ActiveCfg = Debug|Any CPU
		{B880015D-FC04-4914-9FF9-7BA89E8BE848}.Debug|ARM64.Build.0 = Debug|Any CPU
		{B880015D-FC04-4914-9FF9-7BA89E8BE848}.Debug|ARM64.Deploy.0 = Debug|Any CPU
		{B880015D-FC04-4914-9FF9-7BA89E8BE848}.Debug|iPhone.ActiveCfg = Debug|Any CPU
		{B880015D-FC04-4914-9FF9-7BA89E8BE848}.Debug|iPhone.Build.0 = Debug|Any CPU
		{B880015D-FC04-4914-9FF9-7BA89E8BE848}.Debug|iPhone.Deploy.0 = Debug|Any CPU
		{B880015D-FC04-4914-9FF9-7BA89E8BE848}.Debug|iPhoneSimulator.ActiveCfg = Debug|Any CPU
		{B880015D-FC04-4914-9FF9-7BA89E8BE848}.Debug|iPhoneSimulator.Build.0 = Debug|Any CPU
		{B880015D-FC04-4914-9FF9-7BA89E8BE848}.Debug|iPhoneSimulator.Deploy.0 = Debug|Any CPU
		{B880015D-FC04-4914-9FF9-7BA89E8BE848}.Debug|x64.ActiveCfg = Debug|Any CPU
		{B880015D-FC04-4914-9FF9-7BA89E8BE848}.Debug|x64.Build.0 = Debug|Any CPU
		{B880015D-FC04-4914-9FF9-7BA89E8BE848}.Debug|x64.Deploy.0 = Debug|Any CPU
		{B880015D-FC04-4914-9FF9-7BA89E8BE848}.Debug|x86.ActiveCfg = Debug|Any CPU
		{B880015D-FC04-4914-9FF9-7BA89E8BE848}.Debug|x86.Build.0 = Debug|Any CPU
		{B880015D-FC04-4914-9FF9-7BA89E8BE848}.Debug|x86.Deploy.0 = Debug|Any CPU
		{B880015D-FC04-4914-9FF9-7BA89E8BE848}.Release|Any CPU.ActiveCfg = Release|Any CPU
		{B880015D-FC04-4914-9FF9-7BA89E8BE848}.Release|Any CPU.Build.0 = Release|Any CPU
		{B880015D-FC04-4914-9FF9-7BA89E8BE848}.Release|ARM.ActiveCfg = Release|Any CPU
		{B880015D-FC04-4914-9FF9-7BA89E8BE848}.Release|ARM.Build.0 = Release|Any CPU
		{B880015D-FC04-4914-9FF9-7BA89E8BE848}.Release|ARM.Deploy.0 = Release|Any CPU
		{B880015D-FC04-4914-9FF9-7BA89E8BE848}.Release|ARM64.ActiveCfg = Release|Any CPU
		{B880015D-FC04-4914-9FF9-7BA89E8BE848}.Release|ARM64.Build.0 = Release|Any CPU
		{B880015D-FC04-4914-9FF9-7BA89E8BE848}.Release|ARM64.Deploy.0 = Release|Any CPU
		{B880015D-FC04-4914-9FF9-7BA89E8BE848}.Release|iPhone.ActiveCfg = Release|Any CPU
		{B880015D-FC04-4914-9FF9-7BA89E8BE848}.Release|iPhone.Build.0 = Release|Any CPU
		{B880015D-FC04-4914-9FF9-7BA89E8BE848}.Release|iPhoneSimulator.ActiveCfg = Release|Any CPU
		{B880015D-FC04-4914-9FF9-7BA89E8BE848}.Release|iPhoneSimulator.Build.0 = Release|Any CPU
		{B880015D-FC04-4914-9FF9-7BA89E8BE848}.Release|iPhoneSimulator.Deploy.0 = Release|Any CPU
		{B880015D-FC04-4914-9FF9-7BA89E8BE848}.Release|x64.ActiveCfg = Release|Any CPU
		{B880015D-FC04-4914-9FF9-7BA89E8BE848}.Release|x64.Build.0 = Release|Any CPU
		{B880015D-FC04-4914-9FF9-7BA89E8BE848}.Release|x64.Deploy.0 = Release|Any CPU
		{B880015D-FC04-4914-9FF9-7BA89E8BE848}.Release|x86.ActiveCfg = Release|Any CPU
		{B880015D-FC04-4914-9FF9-7BA89E8BE848}.Release|x86.Build.0 = Release|Any CPU
		{B880015D-FC04-4914-9FF9-7BA89E8BE848}.Release|x86.Deploy.0 = Release|Any CPU
		{6CF284A4-22B1-4F05-97F4-F095C07A598E}.Debug|Any CPU.ActiveCfg = Debug|Any CPU
		{6CF284A4-22B1-4F05-97F4-F095C07A598E}.Debug|Any CPU.Build.0 = Debug|Any CPU
		{6CF284A4-22B1-4F05-97F4-F095C07A598E}.Debug|ARM.ActiveCfg = Debug|Any CPU
		{6CF284A4-22B1-4F05-97F4-F095C07A598E}.Debug|ARM.Build.0 = Debug|Any CPU
		{6CF284A4-22B1-4F05-97F4-F095C07A598E}.Debug|ARM64.ActiveCfg = Debug|Any CPU
		{6CF284A4-22B1-4F05-97F4-F095C07A598E}.Debug|ARM64.Build.0 = Debug|Any CPU
		{6CF284A4-22B1-4F05-97F4-F095C07A598E}.Debug|iPhone.ActiveCfg = Debug|Any CPU
		{6CF284A4-22B1-4F05-97F4-F095C07A598E}.Debug|iPhone.Build.0 = Debug|Any CPU
		{6CF284A4-22B1-4F05-97F4-F095C07A598E}.Debug|iPhoneSimulator.ActiveCfg = Debug|Any CPU
		{6CF284A4-22B1-4F05-97F4-F095C07A598E}.Debug|iPhoneSimulator.Build.0 = Debug|Any CPU
		{6CF284A4-22B1-4F05-97F4-F095C07A598E}.Debug|x64.ActiveCfg = Debug|Any CPU
		{6CF284A4-22B1-4F05-97F4-F095C07A598E}.Debug|x64.Build.0 = Debug|Any CPU
		{6CF284A4-22B1-4F05-97F4-F095C07A598E}.Debug|x86.ActiveCfg = Debug|Any CPU
		{6CF284A4-22B1-4F05-97F4-F095C07A598E}.Debug|x86.Build.0 = Debug|Any CPU
		{6CF284A4-22B1-4F05-97F4-F095C07A598E}.Release|Any CPU.ActiveCfg = Release|Any CPU
		{6CF284A4-22B1-4F05-97F4-F095C07A598E}.Release|Any CPU.Build.0 = Release|Any CPU
		{6CF284A4-22B1-4F05-97F4-F095C07A598E}.Release|ARM.ActiveCfg = Release|Any CPU
		{6CF284A4-22B1-4F05-97F4-F095C07A598E}.Release|ARM.Build.0 = Release|Any CPU
		{6CF284A4-22B1-4F05-97F4-F095C07A598E}.Release|ARM64.ActiveCfg = Release|Any CPU
		{6CF284A4-22B1-4F05-97F4-F095C07A598E}.Release|ARM64.Build.0 = Release|Any CPU
		{6CF284A4-22B1-4F05-97F4-F095C07A598E}.Release|iPhone.ActiveCfg = Release|Any CPU
		{6CF284A4-22B1-4F05-97F4-F095C07A598E}.Release|iPhone.Build.0 = Release|Any CPU
		{6CF284A4-22B1-4F05-97F4-F095C07A598E}.Release|iPhoneSimulator.ActiveCfg = Release|Any CPU
		{6CF284A4-22B1-4F05-97F4-F095C07A598E}.Release|iPhoneSimulator.Build.0 = Release|Any CPU
		{6CF284A4-22B1-4F05-97F4-F095C07A598E}.Release|x64.ActiveCfg = Release|Any CPU
		{6CF284A4-22B1-4F05-97F4-F095C07A598E}.Release|x64.Build.0 = Release|Any CPU
		{6CF284A4-22B1-4F05-97F4-F095C07A598E}.Release|x86.ActiveCfg = Release|Any CPU
		{6CF284A4-22B1-4F05-97F4-F095C07A598E}.Release|x86.Build.0 = Release|Any CPU
		{9AED22A6-77DC-4799-BAE7-5F26F2070BD2}.Debug|Any CPU.ActiveCfg = Debug|Any CPU
		{9AED22A6-77DC-4799-BAE7-5F26F2070BD2}.Debug|Any CPU.Build.0 = Debug|Any CPU
		{9AED22A6-77DC-4799-BAE7-5F26F2070BD2}.Debug|ARM.ActiveCfg = Debug|Any CPU
		{9AED22A6-77DC-4799-BAE7-5F26F2070BD2}.Debug|ARM.Build.0 = Debug|Any CPU
		{9AED22A6-77DC-4799-BAE7-5F26F2070BD2}.Debug|ARM64.ActiveCfg = Debug|Any CPU
		{9AED22A6-77DC-4799-BAE7-5F26F2070BD2}.Debug|ARM64.Build.0 = Debug|Any CPU
		{9AED22A6-77DC-4799-BAE7-5F26F2070BD2}.Debug|iPhone.ActiveCfg = Debug|Any CPU
		{9AED22A6-77DC-4799-BAE7-5F26F2070BD2}.Debug|iPhone.Build.0 = Debug|Any CPU
		{9AED22A6-77DC-4799-BAE7-5F26F2070BD2}.Debug|iPhoneSimulator.ActiveCfg = Debug|Any CPU
		{9AED22A6-77DC-4799-BAE7-5F26F2070BD2}.Debug|iPhoneSimulator.Build.0 = Debug|Any CPU
		{9AED22A6-77DC-4799-BAE7-5F26F2070BD2}.Debug|x64.ActiveCfg = Debug|Any CPU
		{9AED22A6-77DC-4799-BAE7-5F26F2070BD2}.Debug|x64.Build.0 = Debug|Any CPU
		{9AED22A6-77DC-4799-BAE7-5F26F2070BD2}.Debug|x86.ActiveCfg = Debug|Any CPU
		{9AED22A6-77DC-4799-BAE7-5F26F2070BD2}.Debug|x86.Build.0 = Debug|Any CPU
		{9AED22A6-77DC-4799-BAE7-5F26F2070BD2}.Release|Any CPU.ActiveCfg = Release|Any CPU
		{9AED22A6-77DC-4799-BAE7-5F26F2070BD2}.Release|Any CPU.Build.0 = Release|Any CPU
		{9AED22A6-77DC-4799-BAE7-5F26F2070BD2}.Release|ARM.ActiveCfg = Release|Any CPU
		{9AED22A6-77DC-4799-BAE7-5F26F2070BD2}.Release|ARM.Build.0 = Release|Any CPU
		{9AED22A6-77DC-4799-BAE7-5F26F2070BD2}.Release|ARM64.ActiveCfg = Release|Any CPU
		{9AED22A6-77DC-4799-BAE7-5F26F2070BD2}.Release|ARM64.Build.0 = Release|Any CPU
		{9AED22A6-77DC-4799-BAE7-5F26F2070BD2}.Release|iPhone.ActiveCfg = Release|Any CPU
		{9AED22A6-77DC-4799-BAE7-5F26F2070BD2}.Release|iPhone.Build.0 = Release|Any CPU
		{9AED22A6-77DC-4799-BAE7-5F26F2070BD2}.Release|iPhoneSimulator.ActiveCfg = Release|Any CPU
		{9AED22A6-77DC-4799-BAE7-5F26F2070BD2}.Release|iPhoneSimulator.Build.0 = Release|Any CPU
		{9AED22A6-77DC-4799-BAE7-5F26F2070BD2}.Release|x64.ActiveCfg = Release|Any CPU
		{9AED22A6-77DC-4799-BAE7-5F26F2070BD2}.Release|x64.Build.0 = Release|Any CPU
		{9AED22A6-77DC-4799-BAE7-5F26F2070BD2}.Release|x86.ActiveCfg = Release|Any CPU
		{9AED22A6-77DC-4799-BAE7-5F26F2070BD2}.Release|x86.Build.0 = Release|Any CPU
		{761D821E-9905-4444-9ADF-76C995FE5427}.Debug|Any CPU.ActiveCfg = Debug|Any CPU
		{761D821E-9905-4444-9ADF-76C995FE5427}.Debug|Any CPU.Build.0 = Debug|Any CPU
		{761D821E-9905-4444-9ADF-76C995FE5427}.Debug|ARM.ActiveCfg = Debug|Any CPU
		{761D821E-9905-4444-9ADF-76C995FE5427}.Debug|ARM.Build.0 = Debug|Any CPU
		{761D821E-9905-4444-9ADF-76C995FE5427}.Debug|ARM64.ActiveCfg = Debug|Any CPU
		{761D821E-9905-4444-9ADF-76C995FE5427}.Debug|ARM64.Build.0 = Debug|Any CPU
		{761D821E-9905-4444-9ADF-76C995FE5427}.Debug|iPhone.ActiveCfg = Debug|Any CPU
		{761D821E-9905-4444-9ADF-76C995FE5427}.Debug|iPhone.Build.0 = Debug|Any CPU
		{761D821E-9905-4444-9ADF-76C995FE5427}.Debug|iPhoneSimulator.ActiveCfg = Debug|Any CPU
		{761D821E-9905-4444-9ADF-76C995FE5427}.Debug|iPhoneSimulator.Build.0 = Debug|Any CPU
		{761D821E-9905-4444-9ADF-76C995FE5427}.Debug|x64.ActiveCfg = Debug|Any CPU
		{761D821E-9905-4444-9ADF-76C995FE5427}.Debug|x64.Build.0 = Debug|Any CPU
		{761D821E-9905-4444-9ADF-76C995FE5427}.Debug|x86.ActiveCfg = Debug|Any CPU
		{761D821E-9905-4444-9ADF-76C995FE5427}.Debug|x86.Build.0 = Debug|Any CPU
		{761D821E-9905-4444-9ADF-76C995FE5427}.Release|Any CPU.ActiveCfg = Release|Any CPU
		{761D821E-9905-4444-9ADF-76C995FE5427}.Release|Any CPU.Build.0 = Release|Any CPU
		{761D821E-9905-4444-9ADF-76C995FE5427}.Release|ARM.ActiveCfg = Release|Any CPU
		{761D821E-9905-4444-9ADF-76C995FE5427}.Release|ARM.Build.0 = Release|Any CPU
		{761D821E-9905-4444-9ADF-76C995FE5427}.Release|ARM64.ActiveCfg = Release|Any CPU
		{761D821E-9905-4444-9ADF-76C995FE5427}.Release|ARM64.Build.0 = Release|Any CPU
		{761D821E-9905-4444-9ADF-76C995FE5427}.Release|iPhone.ActiveCfg = Release|Any CPU
		{761D821E-9905-4444-9ADF-76C995FE5427}.Release|iPhone.Build.0 = Release|Any CPU
		{761D821E-9905-4444-9ADF-76C995FE5427}.Release|iPhoneSimulator.ActiveCfg = Release|Any CPU
		{761D821E-9905-4444-9ADF-76C995FE5427}.Release|iPhoneSimulator.Build.0 = Release|Any CPU
		{761D821E-9905-4444-9ADF-76C995FE5427}.Release|x64.ActiveCfg = Release|Any CPU
		{761D821E-9905-4444-9ADF-76C995FE5427}.Release|x64.Build.0 = Release|Any CPU
		{761D821E-9905-4444-9ADF-76C995FE5427}.Release|x86.ActiveCfg = Release|Any CPU
		{761D821E-9905-4444-9ADF-76C995FE5427}.Release|x86.Build.0 = Release|Any CPU
	EndGlobalSection
	GlobalSection(SolutionProperties) = preSolution
		HideSolutionNode = FALSE
	EndGlobalSection
	GlobalSection(ExtensibilityGlobals) = postSolution
		SolutionGuid = {C7433AE2-B1A0-4C1A-887E-5CAA7AAF67A6}
	EndGlobalSection
EndGlobal
